// !$*UTF8*$!
{
	archiveVersion = 1;
	classes = {
	};
	objectVersion = 46;
	objects = {

/* Begin PBXBuildFile section */
		DF3986EA1A241F4500E9091E /* main.m in Sources */ = {isa = PBXBuildFile; fileRef = DF3986E91A241F4500E9091E /* main.m */; };
		DF3986F51A241F4500E9091E /* Images.xcassets in Resources */ = {isa = PBXBuildFile; fileRef = DF3986F41A241F4500E9091E /* Images.xcassets */; };
		DF3986F81A241F4500E9091E /* LaunchScreen.xib in Resources */ = {isa = PBXBuildFile; fileRef = DF3986F61A241F4500E9091E /* LaunchScreen.xib */; };
		DF3987041A241F4600E9091E /* MONPromptViewTests.m in Sources */ = {isa = PBXBuildFile; fileRef = DF3987031A241F4600E9091E /* MONPromptViewTests.m */; };
		DF3987201A24203A00E9091E /* AppDelegate.m in Sources */ = {isa = PBXBuildFile; fileRef = DF3987181A24203A00E9091E /* AppDelegate.m */; };
		DF3987211A24203A00E9091E /* ViewController.m in Sources */ = {isa = PBXBuildFile; fileRef = DF39871B1A24203A00E9091E /* ViewController.m */; };
		DF3987241A2422D000E9091E /* MONPromptView.m in Sources */ = {isa = PBXBuildFile; fileRef = DF3987231A2422D000E9091E /* MONPromptView.m */; };
		DF3987281A24272C00E9091E /* UIViewController+LayoutConstraint.m in Sources */ = {isa = PBXBuildFile; fileRef = DF3987271A24272C00E9091E /* UIViewController+LayoutConstraint.m */; };
		DF39872B1A24628800E9091E /* UIView+SimplifiedAutolayout.m in Sources */ = {isa = PBXBuildFile; fileRef = DF39872A1A24628800E9091E /* UIView+SimplifiedAutolayout.m */; };
/* End PBXBuildFile section */

/* Begin PBXContainerItemProxy section */
		DF3986FE1A241F4500E9091E /* PBXContainerItemProxy */ = {
			isa = PBXContainerItemProxy;
			containerPortal = DF3986DC1A241F4500E9091E /* Project object */;
			proxyType = 1;
			remoteGlobalIDString = DF3986E31A241F4500E9091E;
			remoteInfo = MONPromptView;
		};
/* End PBXContainerItemProxy section */

/* Begin PBXFileReference section */
		DF3986E41A241F4500E9091E /* MONPromptView.app */ = {isa = PBXFileReference; explicitFileType = wrapper.application; includeInIndex = 0; path = MONPromptView.app; sourceTree = BUILT_PRODUCTS_DIR; };
		DF3986E81A241F4500E9091E /* Info.plist */ = {isa = PBXFileReference; lastKnownFileType = text.plist.xml; path = Info.plist; sourceTree = "<group>"; };
		DF3986E91A241F4500E9091E /* main.m */ = {isa = PBXFileReference; lastKnownFileType = sourcecode.c.objc; path = main.m; sourceTree = "<group>"; };
		DF3986F41A241F4500E9091E /* Images.xcassets */ = {isa = PBXFileReference; lastKnownFileType = folder.assetcatalog; name = Images.xcassets; path = ../../Images.xcassets; sourceTree = "<group>"; };
		DF3986F71A241F4500E9091E /* Base */ = {isa = PBXFileReference; lastKnownFileType = file.xib; name = Base; path = Base.lproj/LaunchScreen.xib; sourceTree = "<group>"; };
		DF3986FD1A241F4500E9091E /* MONPromptViewTests.xctest */ = {isa = PBXFileReference; explicitFileType = wrapper.cfbundle; includeInIndex = 0; path = MONPromptViewTests.xctest; sourceTree = BUILT_PRODUCTS_DIR; };
		DF3987021A241F4500E9091E /* Info.plist */ = {isa = PBXFileReference; lastKnownFileType = text.plist.xml; path = Info.plist; sourceTree = "<group>"; };
		DF3987031A241F4600E9091E /* MONPromptViewTests.m */ = {isa = PBXFileReference; lastKnownFileType = sourcecode.c.objc; path = MONPromptViewTests.m; sourceTree = "<group>"; };
		DF3987171A24203A00E9091E /* AppDelegate.h */ = {isa = PBXFileReference; fileEncoding = 4; lastKnownFileType = sourcecode.c.h; path = AppDelegate.h; sourceTree = "<group>"; };
		DF3987181A24203A00E9091E /* AppDelegate.m */ = {isa = PBXFileReference; fileEncoding = 4; lastKnownFileType = sourcecode.c.objc; path = AppDelegate.m; sourceTree = "<group>"; };
		DF39871A1A24203A00E9091E /* ViewController.h */ = {isa = PBXFileReference; fileEncoding = 4; lastKnownFileType = sourcecode.c.h; path = ViewController.h; sourceTree = "<group>"; };
		DF39871B1A24203A00E9091E /* ViewController.m */ = {isa = PBXFileReference; fileEncoding = 4; lastKnownFileType = sourcecode.c.objc; path = ViewController.m; sourceTree = "<group>"; };
		DF3987221A2422D000E9091E /* MONPromptView.h */ = {isa = PBXFileReference; fileEncoding = 4; lastKnownFileType = sourcecode.c.h; path = MONPromptView.h; sourceTree = "<group>"; };
		DF3987231A2422D000E9091E /* MONPromptView.m */ = {isa = PBXFileReference; fileEncoding = 4; lastKnownFileType = sourcecode.c.objc; path = MONPromptView.m; sourceTree = "<group>"; };
		DF3987261A24272C00E9091E /* UIViewController+LayoutConstraint.h */ = {isa = PBXFileReference; fileEncoding = 4; lastKnownFileType = sourcecode.c.h; path = "UIViewController+LayoutConstraint.h"; sourceTree = "<group>"; };
		DF3987271A24272C00E9091E /* UIViewController+LayoutConstraint.m */ = {isa = PBXFileReference; fileEncoding = 4; lastKnownFileType = sourcecode.c.objc; path = "UIViewController+LayoutConstraint.m"; sourceTree = "<group>"; };
		DF3987291A24628800E9091E /* UIView+SimplifiedAutolayout.h */ = {isa = PBXFileReference; fileEncoding = 4; lastKnownFileType = sourcecode.c.h; path = "UIView+SimplifiedAutolayout.h"; sourceTree = "<group>"; };
		DF39872A1A24628800E9091E /* UIView+SimplifiedAutolayout.m */ = {isa = PBXFileReference; fileEncoding = 4; lastKnownFileType = sourcecode.c.objc; path = "UIView+SimplifiedAutolayout.m"; sourceTree = "<group>"; };
/* End PBXFileReference section */

/* Begin PBXFrameworksBuildPhase section */
		DF3986E11A241F4500E9091E /* Frameworks */ = {
			isa = PBXFrameworksBuildPhase;
			buildActionMask = 2147483647;
			files = (
			);
			runOnlyForDeploymentPostprocessing = 0;
		};
		DF3986FA1A241F4500E9091E /* Frameworks */ = {
			isa = PBXFrameworksBuildPhase;
			buildActionMask = 2147483647;
			files = (
			);
			runOnlyForDeploymentPostprocessing = 0;
		};
/* End PBXFrameworksBuildPhase section */

/* Begin PBXGroup section */
		DF3986DB1A241F4500E9091E = {
			isa = PBXGroup;
			children = (
				DF3986E61A241F4500E9091E /* MONPromptView */,
				DF3987001A241F4500E9091E /* MONPromptViewTests */,
				DF3986E51A241F4500E9091E /* Products */,
			);
			sourceTree = "<group>";
		};
		DF3986E51A241F4500E9091E /* Products */ = {
			isa = PBXGroup;
			children = (
				DF3986E41A241F4500E9091E /* MONPromptView.app */,
				DF3986FD1A241F4500E9091E /* MONPromptViewTests.xctest */,
			);
			name = Products;
			sourceTree = "<group>";
		};
		DF3986E61A241F4500E9091E /* MONPromptView */ = {
			isa = PBXGroup;
			children = (
				DF3987151A24203A00E9091E /* Source */,
				DF3986E71A241F4500E9091E /* Supporting Files */,
			);
			path = MONPromptView;
			sourceTree = "<group>";
		};
		DF3986E71A241F4500E9091E /* Supporting Files */ = {
			isa = PBXGroup;
			children = (
				DF3986E81A241F4500E9091E /* Info.plist */,
				DF3986E91A241F4500E9091E /* main.m */,
			);
			name = "Supporting Files";
			sourceTree = "<group>";
		};
		DF3987001A241F4500E9091E /* MONPromptViewTests */ = {
			isa = PBXGroup;
			children = (
				DF3987031A241F4600E9091E /* MONPromptViewTests.m */,
				DF3987011A241F4500E9091E /* Supporting Files */,
			);
			path = MONPromptViewTests;
			sourceTree = "<group>";
		};
		DF3987011A241F4500E9091E /* Supporting Files */ = {
			isa = PBXGroup;
			children = (
				DF3987021A241F4500E9091E /* Info.plist */,
			);
			name = "Supporting Files";
			sourceTree = "<group>";
		};
		DF3987151A24203A00E9091E /* Source */ = {
			isa = PBXGroup;
			children = (
				DF3987161A24203A00E9091E /* AppDelegate */,
				DF3987251A2426FC00E9091E /* Categories */,
				DF3987191A24203A00E9091E /* Controllers */,
				DF39871C1A24203A00E9091E /* Resources */,
				DF39871E1A24203A00E9091E /* Views */,
			);
			path = Source;
			sourceTree = "<group>";
		};
		DF3987161A24203A00E9091E /* AppDelegate */ = {
			isa = PBXGroup;
			children = (
				DF3987171A24203A00E9091E /* AppDelegate.h */,
				DF3987181A24203A00E9091E /* AppDelegate.m */,
			);
			path = AppDelegate;
			sourceTree = "<group>";
		};
		DF3987191A24203A00E9091E /* Controllers */ = {
			isa = PBXGroup;
			children = (
				DF39871A1A24203A00E9091E /* ViewController.h */,
				DF39871B1A24203A00E9091E /* ViewController.m */,
			);
			path = Controllers;
			sourceTree = "<group>";
		};
		DF39871C1A24203A00E9091E /* Resources */ = {
			isa = PBXGroup;
			children = (
				DF3986F41A241F4500E9091E /* Images.xcassets */,
				DF39871D1A24203A00E9091E /* Xibs */,
			);
			path = Resources;
			sourceTree = "<group>";
		};
		DF39871D1A24203A00E9091E /* Xibs */ = {
			isa = PBXGroup;
			children = (
				DF3986F61A241F4500E9091E /* LaunchScreen.xib */,
			);
			path = Xibs;
			sourceTree = "<group>";
		};
		DF39871E1A24203A00E9091E /* Views */ = {
			isa = PBXGroup;
			children = (
				DF39871F1A24203A00E9091E /* MONPromptView */,
			);
			path = Views;
			sourceTree = "<group>";
		};
		DF39871F1A24203A00E9091E /* MONPromptView */ = {
			isa = PBXGroup;
			children = (
				DF3987221A2422D000E9091E /* MONPromptView.h */,
				DF3987231A2422D000E9091E /* MONPromptView.m */,
				DF3987291A24628800E9091E /* UIView+SimplifiedAutolayout.h */,
				DF39872A1A24628800E9091E /* UIView+SimplifiedAutolayout.m */,
			);
			path = MONPromptView;
			sourceTree = "<group>";
		};
		DF3987251A2426FC00E9091E /* Categories */ = {
			isa = PBXGroup;
			children = (
				DF3987261A24272C00E9091E /* UIViewController+LayoutConstraint.h */,
				DF3987271A24272C00E9091E /* UIViewController+LayoutConstraint.m */,
			);
			path = Categories;
			sourceTree = "<group>";
		};
/* End PBXGroup section */

/* Begin PBXNativeTarget section */
		DF3986E31A241F4500E9091E /* MONPromptView */ = {
			isa = PBXNativeTarget;
			buildConfigurationList = DF3987071A241F4600E9091E /* Build configuration list for PBXNativeTarget "MONPromptView" */;
			buildPhases = (
				DF3986E01A241F4500E9091E /* Sources */,
				DF3986E11A241F4500E9091E /* Frameworks */,
				DF3986E21A241F4500E9091E /* Resources */,
			);
			buildRules = (
			);
			dependencies = (
			);
			name = MONPromptView;
			productName = MONPromptView;
			productReference = DF3986E41A241F4500E9091E /* MONPromptView.app */;
			productType = "com.apple.product-type.application";
		};
		DF3986FC1A241F4500E9091E /* MONPromptViewTests */ = {
			isa = PBXNativeTarget;
			buildConfigurationList = DF39870A1A241F4600E9091E /* Build configuration list for PBXNativeTarget "MONPromptViewTests" */;
			buildPhases = (
				DF3986F91A241F4500E9091E /* Sources */,
				DF3986FA1A241F4500E9091E /* Frameworks */,
				DF3986FB1A241F4500E9091E /* Resources */,
			);
			buildRules = (
			);
			dependencies = (
				DF3986FF1A241F4500E9091E /* PBXTargetDependency */,
			);
			name = MONPromptViewTests;
			productName = MONPromptViewTests;
			productReference = DF3986FD1A241F4500E9091E /* MONPromptViewTests.xctest */;
			productType = "com.apple.product-type.bundle.unit-test";
		};
/* End PBXNativeTarget section */

/* Begin PBXProject section */
		DF3986DC1A241F4500E9091E /* Project object */ = {
			isa = PBXProject;
			attributes = {
				LastUpgradeCheck = 0610;
				ORGANIZATIONNAME = mownier;
				TargetAttributes = {
					DF3986E31A241F4500E9091E = {
						CreatedOnToolsVersion = 6.1;
					};
					DF3986FC1A241F4500E9091E = {
						CreatedOnToolsVersion = 6.1;
						TestTargetID = DF3986E31A241F4500E9091E;
					};
				};
			};
			buildConfigurationList = DF3986DF1A241F4500E9091E /* Build configuration list for PBXProject "MONPromptView" */;
			compatibilityVersion = "Xcode 3.2";
			developmentRegion = English;
			hasScannedForEncodings = 0;
			knownRegions = (
				en,
				Base,
			);
			mainGroup = DF3986DB1A241F4500E9091E;
			productRefGroup = DF3986E51A241F4500E9091E /* Products */;
			projectDirPath = "";
			projectRoot = "";
			targets = (
				DF3986E31A241F4500E9091E /* MONPromptView */,
				DF3986FC1A241F4500E9091E /* MONPromptViewTests */,
			);
		};
/* End PBXProject section */

/* Begin PBXResourcesBuildPhase section */
		DF3986E21A241F4500E9091E /* Resources */ = {
			isa = PBXResourcesBuildPhase;
			buildActionMask = 2147483647;
			files = (
				DF3986F81A241F4500E9091E /* LaunchScreen.xib in Resources */,
				DF3986F51A241F4500E9091E /* Images.xcassets in Resources */,
			);
			runOnlyForDeploymentPostprocessing = 0;
		};
		DF3986FB1A241F4500E9091E /* Resources */ = {
			isa = PBXResourcesBuildPhase;
			buildActionMask = 2147483647;
			files = (
			);
			runOnlyForDeploymentPostprocessing = 0;
		};
/* End PBXResourcesBuildPhase section */

/* Begin PBXSourcesBuildPhase section */
		DF3986E01A241F4500E9091E /* Sources */ = {
			isa = PBXSourcesBuildPhase;
			buildActionMask = 2147483647;
			files = (
				DF3987211A24203A00E9091E /* ViewController.m in Sources */,
				DF39872B1A24628800E9091E /* UIView+SimplifiedAutolayout.m in Sources */,
				DF3987241A2422D000E9091E /* MONPromptView.m in Sources */,
				DF3987201A24203A00E9091E /* AppDelegate.m in Sources */,
				DF3986EA1A241F4500E9091E /* main.m in Sources */,
				DF3987281A24272C00E9091E /* UIViewController+LayoutConstraint.m in Sources */,
			);
			runOnlyForDeploymentPostprocessing = 0;
		};
		DF3986F91A241F4500E9091E /* Sources */ = {
			isa = PBXSourcesBuildPhase;
			buildActionMask = 2147483647;
			files = (
				DF3987041A241F4600E9091E /* MONPromptViewTests.m in Sources */,
			);
			runOnlyForDeploymentPostprocessing = 0;
		};
/* End PBXSourcesBuildPhase section */

/* Begin PBXTargetDependency section */
		DF3986FF1A241F4500E9091E /* PBXTargetDependency */ = {
			isa = PBXTargetDependency;
			target = DF3986E31A241F4500E9091E /* MONPromptView */;
			targetProxy = DF3986FE1A241F4500E9091E /* PBXContainerItemProxy */;
		};
/* End PBXTargetDependency section */

/* Begin PBXVariantGroup section */
		DF3986F61A241F4500E9091E /* LaunchScreen.xib */ = {
			isa = PBXVariantGroup;
			children = (
				DF3986F71A241F4500E9091E /* Base */,
			);
			name = LaunchScreen.xib;
			path = ../../..;
			sourceTree = "<group>";
		};
/* End PBXVariantGroup section */

/* Begin XCBuildConfiguration section */
		DF3987051A241F4600E9091E /* Debug */ = {
			isa = XCBuildConfiguration;
			buildSettings = {
				ALWAYS_SEARCH_USER_PATHS = NO;
				CLANG_CXX_LANGUAGE_STANDARD = "gnu++0x";
				CLANG_CXX_LIBRARY = "libc++";
				CLANG_ENABLE_MODULES = YES;
				CLANG_ENABLE_OBJC_ARC = YES;
				CLANG_WARN_BOOL_CONVERSION = YES;
				CLANG_WARN_CONSTANT_CONVERSION = YES;
				CLANG_WARN_DIRECT_OBJC_ISA_USAGE = YES_ERROR;
				CLANG_WARN_EMPTY_BODY = YES;
				CLANG_WARN_ENUM_CONVERSION = YES;
				CLANG_WARN_INT_CONVERSION = YES;
				CLANG_WARN_OBJC_ROOT_CLASS = YES_ERROR;
				CLANG_WARN_UNREACHABLE_CODE = YES;
				CLANG_WARN__DUPLICATE_METHOD_MATCH = YES;
				"CODE_SIGN_IDENTITY[sdk=iphoneos*]" = "iPhone Developer";
				COPY_PHASE_STRIP = NO;
				ENABLE_STRICT_OBJC_MSGSEND = YES;
				GCC_C_LANGUAGE_STANDARD = gnu99;
				GCC_DYNAMIC_NO_PIC = NO;
				GCC_OPTIMIZATION_LEVEL = 0;
				GCC_PREPROCESSOR_DEFINITIONS = (
					"DEBUG=1",
					"$(inherited)",
				);
				GCC_SYMBOLS_PRIVATE_EXTERN = NO;
				GCC_WARN_64_TO_32_BIT_CONVERSION = YES;
				GCC_WARN_ABOUT_RETURN_TYPE = YES_ERROR;
				GCC_WARN_UNDECLARED_SELECTOR = YES;
				GCC_WARN_UNINITIALIZED_AUTOS = YES_AGGRESSIVE;
				GCC_WARN_UNUSED_FUNCTION = YES;
				GCC_WARN_UNUSED_VARIABLE = YES;
				IPHONEOS_DEPLOYMENT_TARGET = 8.1;
				MTL_ENABLE_DEBUG_INFO = YES;
				ONLY_ACTIVE_ARCH = YES;
				SDKROOT = iphoneos;
			};
			name = Debug;
		};
		DF3987061A241F4600E9091E /* Release */ = {
			isa = XCBuildConfiguration;
			buildSettings = {
				ALWAYS_SEARCH_USER_PATHS = NO;
				CLANG_CXX_LANGUAGE_STANDARD = "gnu++0x";
				CLANG_CXX_LIBRARY = "libc++";
				CLANG_ENABLE_MODULES = YES;
				CLANG_ENABLE_OBJC_ARC = YES;
				CLANG_WARN_BOOL_CONVERSION = YES;
				CLANG_WARN_CONSTANT_CONVERSION = YES;
				CLANG_WARN_DIRECT_OBJC_ISA_USAGE = YES_ERROR;
				CLANG_WARN_EMPTY_BODY = YES;
				CLANG_WARN_ENUM_CONVERSION = YES;
				CLANG_WARN_INT_CONVERSION = YES;
				CLANG_WARN_OBJC_ROOT_CLASS = YES_ERROR;
				CLANG_WARN_UNREACHABLE_CODE = YES;
				CLANG_WARN__DUPLICATE_METHOD_MATCH = YES;
				"CODE_SIGN_IDENTITY[sdk=iphoneos*]" = "iPhone Developer";
				COPY_PHASE_STRIP = YES;
				ENABLE_NS_ASSERTIONS = NO;
				ENABLE_STRICT_OBJC_MSGSEND = YES;
				GCC_C_LANGUAGE_STANDARD = gnu99;
				GCC_WARN_64_TO_32_BIT_CONVERSION = YES;
				GCC_WARN_ABOUT_RETURN_TYPE = YES_ERROR;
				GCC_WARN_UNDECLARED_SELECTOR = YES;
				GCC_WARN_UNINITIALIZED_AUTOS = YES_AGGRESSIVE;
				GCC_WARN_UNUSED_FUNCTION = YES;
				GCC_WARN_UNUSED_VARIABLE = YES;
				IPHONEOS_DEPLOYMENT_TARGET = 8.1;
				MTL_ENABLE_DEBUG_INFO = NO;
				SDKROOT = iphoneos;
				VALIDATE_PRODUCT = YES;
			};
			name = Release;
		};
		DF3987081A241F4600E9091E /* Debug */ = {
			isa = XCBuildConfiguration;
			buildSettings = {
				ASSETCATALOG_COMPILER_APPICON_NAME = AppIcon;
				INFOPLIST_FILE = MONPromptView/Info.plist;
				LD_RUNPATH_SEARCH_PATHS = "$(inherited) @executable_path/Frameworks";
				PRODUCT_NAME = "$(TARGET_NAME)";
			};
			name = Debug;
		};
		DF3987091A241F4600E9091E /* Release */ = {
			isa = XCBuildConfiguration;
			buildSettings = {
				ASSETCATALOG_COMPILER_APPICON_NAME = AppIcon;
				INFOPLIST_FILE = MONPromptView/Info.plist;
				LD_RUNPATH_SEARCH_PATHS = "$(inherited) @executable_path/Frameworks";
				PRODUCT_NAME = "$(TARGET_NAME)";
			};
			name = Release;
		};
		DF39870B1A241F4600E9091E /* Debug */ = {
			isa = XCBuildConfiguration;
			buildSettings = {
				BUNDLE_LOADER = "$(TEST_HOST)";
				FRAMEWORK_SEARCH_PATHS = (
					"$(SDKROOT)/Developer/Library/Frameworks",
					"$(inherited)",
				);
				GCC_PREPROCESSOR_DEFINITIONS = (
					"DEBUG=1",
					"$(inherited)",
				);
				INFOPLIST_FILE = MONPromptViewTests/Info.plist;
				LD_RUNPATH_SEARCH_PATHS = "$(inherited) @executable_path/Frameworks @loader_path/Frameworks";
				PRODUCT_NAME = "$(TARGET_NAME)";
				TEST_HOST = "$(BUILT_PRODUCTS_DIR)/MONPromptView.app/MONPromptView";
			};
			name = Debug;
		};
		DF39870C1A241F4600E9091E /* Release */ = {
			isa = XCBuildConfiguration;
			buildSettings = {
				BUNDLE_LOADER = "$(TEST_HOST)";
				FRAMEWORK_SEARCH_PATHS = (
					"$(SDKROOT)/Developer/Library/Frameworks",
					"$(inherited)",
				);
				INFOPLIST_FILE = MONPromptViewTests/Info.plist;
				LD_RUNPATH_SEARCH_PATHS = "$(inherited) @executable_path/Frameworks @loader_path/Frameworks";
				PRODUCT_NAME = "$(TARGET_NAME)";
				TEST_HOST = "$(BUILT_PRODUCTS_DIR)/MONPromptView.app/MONPromptView";
			};
			name = Release;
		};
/* End XCBuildConfiguration section */

/* Begin XCConfigurationList section */
		DF3986DF1A241F4500E9091E /* Build configuration list for PBXProject "MONPromptView" */ = {
			isa = XCConfigurationList;
			buildConfigurations = (
				DF3987051A241F4600E9091E /* Debug */,
				DF3987061A241F4600E9091E /* Release */,
			);
			defaultConfigurationIsVisible = 0;
			defaultConfigurationName = Release;
		};
		DF3987071A241F4600E9091E /* Build configuration list for PBXNativeTarget "MONPromptView" */ = {
			isa = XCConfigurationList;
			buildConfigurations = (
				DF3987081A241F4600E9091E /* Debug */,
				DF3987091A241F4600E9091E /* Release */,
			);
			defaultConfigurationIsVisible = 0;
		};
		DF39870A1A241F4600E9091E /* Build configuration list for PBXNativeTarget "MONPromptViewTests" */ = {
			isa = XCConfigurationList;
			buildConfigurations = (
				DF39870B1A241F4600E9091E /* Debug */,
				DF39870C1A241F4600E9091E /* Release */,
			);
			defaultConfigurationIsVisible = 0;
		};
/* End XCConfigurationList section */
	};
	rootObject = DF3986DC1A241F4500E9091E /* Project object */;
}
